{
  "object": {
    "pins": [
      {
        "package": "Mantle",
        "repositoryURL": "https://github.com/Mantle/Mantle.git",
        "state": {
          "branch": null,
          "revision": "10514f54b3b42f76cd87fceca64658ae5cf565aa",
          "version": null
        }
      }
    ]
  },
  "version": 1
}
